
Microsoft Visual Studio Solution File, Format Version 12.00
# Visual Studio Version 17
VisualStudioVersion = 17.3.32929.385
MinimumVisualStudioVersion = 10.0.40219.1
Project("{FAE04EC0-301F-11D3-BF4B-00C04F79EFBC}") = "BambooExhangeRateService", "BambooExhangeRateService.csproj", "{2131F398-3934-4295-8E27-D9D439932B18}"
EndProject
Global
	GlobalSection(SolutionConfigurationPlatforms) = preSolution
		Debug|Any CPU = Debug|Any CPU
		Release|Any CPU = Release|Any CPU
	EndGlobalSection
	GlobalSection(ProjectConfigurationPlatforms) = postSolution
		{2131F398-3934-4295-8E27-D9D439932B18}.Debug|Any CPU.ActiveCfg = Debug|Any CPU
		{2131F398-3934-4295-8E27-D9D439932B18}.Debug|Any CPU.Build.0 = Debug|Any CPU
		{2131F398-3934-4295-8E27-D9D439932B18}.Release|Any CPU.ActiveCfg = Release|Any CPU
		{2131F398-3934-4295-8E27-D9D439932B18}.Release|Any CPU.Build.0 = Release|Any CPU
	EndGlobalSection
	GlobalSection(SolutionProperties) = preSolution
		HideSolutionNode = FALSE
	EndGlobalSection
	GlobalSection(ExtensibilityGlobals) = postSolution
		SolutionGuid = {BF422F7B-1C7B-41E8-AFBA-6113AAD83299}
	EndGlobalSection
EndGlobal
